// !$*UTF8*$!
{
	archiveVersion = 1;
	classes = {
	};
	objectVersion = 56;
	objects = {

/* Begin PBXBuildFile section */
		0A0EF99B2BF5B90700FFC425 /* Logger in Frameworks */ = {isa = PBXBuildFile; productRef = 0A0EF99A2BF5B90700FFC425 /* Logger */; };
		0A629B9F2BCE5D53007DDE57 /* ScanAppApp.swift in Sources */ = {isa = PBXBuildFile; fileRef = 0A629B9E2BCE5D53007DDE57 /* ScanAppApp.swift */; };
		0A629BA12BCE5D53007DDE57 /* ContentView.swift in Sources */ = {isa = PBXBuildFile; fileRef = 0A629BA02BCE5D53007DDE57 /* ContentView.swift */; };
		0A629BA32BCE5D54007DDE57 /* Assets.xcassets in Resources */ = {isa = PBXBuildFile; fileRef = 0A629BA22BCE5D54007DDE57 /* Assets.xcassets */; };
		0A629BA62BCE5D54007DDE57 /* Preview Assets.xcassets in Resources */ = {isa = PBXBuildFile; fileRef = 0A629BA52BCE5D54007DDE57 /* Preview Assets.xcassets */; };
		0A629BB02BCE5D55007DDE57 /* ScanAppTests.swift in Sources */ = {isa = PBXBuildFile; fileRef = 0A629BAF2BCE5D55007DDE57 /* ScanAppTests.swift */; };
		0A629BBA2BCE5D55007DDE57 /* ScanAppUITests.swift in Sources */ = {isa = PBXBuildFile; fileRef = 0A629BB92BCE5D55007DDE57 /* ScanAppUITests.swift */; };
		0A629BBC2BCE5D55007DDE57 /* ScanAppUITestsLaunchTests.swift in Sources */ = {isa = PBXBuildFile; fileRef = 0A629BBB2BCE5D55007DDE57 /* ScanAppUITestsLaunchTests.swift */; };
		0AC085B02BEA26B9004EDE30 /* ViewControlViewController.swift in Sources */ = {isa = PBXBuildFile; fileRef = 0AC085AF2BEA26B9004EDE30 /* ViewControlViewController.swift */; };
		0ADE16CA2BF5B71C00301FDE /* Message in Frameworks */ = {isa = PBXBuildFile; productRef = 0ADE16C92BF5B71C00301FDE /* Message */; };
		0ADE16CC2BF5B72100301FDE /* NetWork in Frameworks */ = {isa = PBXBuildFile; productRef = 0ADE16CB2BF5B72100301FDE /* NetWork */; };
/* End PBXBuildFile section */

/* Begin PBXContainerItemProxy section */
		0A629BAC2BCE5D55007DDE57 /* PBXContainerItemProxy */ = {
			isa = PBXContainerItemProxy;
			containerPortal = 0A629B932BCE5D53007DDE57 /* Project object */;
			proxyType = 1;
			remoteGlobalIDString = 0A629B9A2BCE5D53007DDE57;
			remoteInfo = ScanApp;
		};
		0A629BB62BCE5D55007DDE57 /* PBXContainerItemProxy */ = {
			isa = PBXContainerItemProxy;
			containerPortal = 0A629B932BCE5D53007DDE57 /* Project object */;
			proxyType = 1;
			remoteGlobalIDString = 0A629B9A2BCE5D53007DDE57;
			remoteInfo = ScanApp;
		};
/* End PBXContainerItemProxy section */

/* Begin PBXFileReference section */
		0A2819F52C05B3C2000ABBF9 /* Message */ = {isa = PBXFileReference; lastKnownFileType = wrapper; path = Message; sourceTree = "<group>"; };
		0A3539C12BD8BC5300700444 /* ScanApp.xctestplan */ = {isa = PBXFileReference; lastKnownFileType = text; path = ScanApp.xctestplan; sourceTree = "<group>"; };
		0A629B9B2BCE5D53007DDE57 /* ScanApp.app */ = {isa = PBXFileReference; explicitFileType = wrapper.application; includeInIndex = 0; path = ScanApp.app; sourceTree = BUILT_PRODUCTS_DIR; };
		0A629B9E2BCE5D53007DDE57 /* ScanAppApp.swift */ = {isa = PBXFileReference; lastKnownFileType = sourcecode.swift; path = ScanAppApp.swift; sourceTree = "<group>"; };
		0A629BA02BCE5D53007DDE57 /* ContentView.swift */ = {isa = PBXFileReference; lastKnownFileType = sourcecode.swift; path = ContentView.swift; sourceTree = "<group>"; };
		0A629BA22BCE5D54007DDE57 /* Assets.xcassets */ = {isa = PBXFileReference; lastKnownFileType = folder.assetcatalog; path = Assets.xcassets; sourceTree = "<group>"; };
		0A629BA52BCE5D54007DDE57 /* Preview Assets.xcassets */ = {isa = PBXFileReference; lastKnownFileType = folder.assetcatalog; path = "Preview Assets.xcassets"; sourceTree = "<group>"; };
		0A629BAB2BCE5D55007DDE57 /* ScanAppTests.xctest */ = {isa = PBXFileReference; explicitFileType = wrapper.cfbundle; includeInIndex = 0; path = ScanAppTests.xctest; sourceTree = BUILT_PRODUCTS_DIR; };
		0A629BAF2BCE5D55007DDE57 /* ScanAppTests.swift */ = {isa = PBXFileReference; lastKnownFileType = sourcecode.swift; path = ScanAppTests.swift; sourceTree = "<group>"; };
		0A629BB52BCE5D55007DDE57 /* ScanAppUITests.xctest */ = {isa = PBXFileReference; explicitFileType = wrapper.cfbundle; includeInIndex = 0; path = ScanAppUITests.xctest; sourceTree = BUILT_PRODUCTS_DIR; };
		0A629BB92BCE5D55007DDE57 /* ScanAppUITests.swift */ = {isa = PBXFileReference; lastKnownFileType = sourcecode.swift; path = ScanAppUITests.swift; sourceTree = "<group>"; };
		0A629BBB2BCE5D55007DDE57 /* ScanAppUITestsLaunchTests.swift */ = {isa = PBXFileReference; lastKnownFileType = sourcecode.swift; path = ScanAppUITestsLaunchTests.swift; sourceTree = "<group>"; };
		0A629BCC2BCE6274007DDE57 /* NetWork */ = {isa = PBXFileReference; lastKnownFileType = wrapper; path = NetWork; sourceTree = "<group>"; };
		0A629BD52BCE84A7007DDE57 /* CoreUI */ = {isa = PBXFileReference; lastKnownFileType = wrapper; path = CoreUI; sourceTree = "<group>"; };
		0A680FF72BD7B20F004E58D0 /* ScanApp.entitlements */ = {isa = PBXFileReference; lastKnownFileType = text.plist.entitlements; path = ScanApp.entitlements; sourceTree = "<group>"; };
		0AA5342D2BD1183E00D404B4 /* Logger */ = {isa = PBXFileReference; lastKnownFileType = wrapper; path = Logger; sourceTree = "<group>"; };
		0AA5342E2BD17C2200D404B4 /* DashBoard */ = {isa = PBXFileReference; lastKnownFileType = wrapper; path = DashBoard; sourceTree = "<group>"; };
		0AC085AF2BEA26B9004EDE30 /* ViewControlViewController.swift */ = {isa = PBXFileReference; lastKnownFileType = sourcecode.swift; path = ViewControlViewController.swift; sourceTree = "<group>"; };
		0AE5CCE92BF5B0CC00F2F262 /* DebugMenu */ = {isa = PBXFileReference; lastKnownFileType = wrapper; path = DebugMenu; sourceTree = "<group>"; };
		0AEE649D2BE9A7A100FC7CAC /* QA */ = {isa = PBXFileReference; lastKnownFileType = wrapper; path = QA; sourceTree = "<group>"; };
		0AEE649E2BE9AB8100FC7CAC /* Info.plist */ = {isa = PBXFileReference; lastKnownFileType = text.plist; path = Info.plist; sourceTree = "<group>"; };
		0AFE83182BE1F13E004B29F0 /* TestSupport */ = {isa = PBXFileReference; lastKnownFileType = wrapper; path = TestSupport; sourceTree = "<group>"; };
/* End PBXFileReference section */

/* Begin PBXFrameworksBuildPhase section */
		0A629B982BCE5D53007DDE57 /* Frameworks */ = {
			isa = PBXFrameworksBuildPhase;
			buildActionMask = 2147483647;
			files = (
				0A0EF99B2BF5B90700FFC425 /* Logger in Frameworks */,
				0ADE16CA2BF5B71C00301FDE /* Message in Frameworks */,
				0ADE16CC2BF5B72100301FDE /* NetWork in Frameworks */,
			);
			runOnlyForDeploymentPostprocessing = 0;
		};
		0A629BA82BCE5D55007DDE57 /* Frameworks */ = {
			isa = PBXFrameworksBuildPhase;
			buildActionMask = 2147483647;
			files = (
			);
			runOnlyForDeploymentPostprocessing = 0;
		};
		0A629BB22BCE5D55007DDE57 /* Frameworks */ = {
			isa = PBXFrameworksBuildPhase;
			buildActionMask = 2147483647;
			files = (
			);
			runOnlyForDeploymentPostprocessing = 0;
		};
/* End PBXFrameworksBuildPhase section */

/* Begin PBXGroup section */
		0A0EF99C2BF5B95900FFC425 /* TestPlan */ = {
			isa = PBXGroup;
			children = (
				0A3539C12BD8BC5300700444 /* ScanApp.xctestplan */,
			);
			path = TestPlan;
			sourceTree = "<group>";
		};
		0A629B922BCE5D53007DDE57 = {
			isa = PBXGroup;
			children = (
				0A629B9D2BCE5D53007DDE57 /* ScanApp */,
				0A629BAE2BCE5D55007DDE57 /* ScanAppTests */,
				0A629BB82BCE5D55007DDE57 /* ScanAppUITests */,
				0A629B9C2BCE5D53007DDE57 /* Products */,
				0A629BD22BCE7281007DDE57 /* Frameworks */,
			);
			sourceTree = "<group>";
		};
		0A629B9C2BCE5D53007DDE57 /* Products */ = {
			isa = PBXGroup;
			children = (
				0A629B9B2BCE5D53007DDE57 /* ScanApp.app */,
				0A629BAB2BCE5D55007DDE57 /* ScanAppTests.xctest */,
				0A629BB52BCE5D55007DDE57 /* ScanAppUITests.xctest */,
			);
			name = Products;
			sourceTree = "<group>";
		};
		0A629B9D2BCE5D53007DDE57 /* ScanApp */ = {
			isa = PBXGroup;
			children = (
				0A0EF99C2BF5B95900FFC425 /* TestPlan */,
				0AEE649E2BE9AB8100FC7CAC /* Info.plist */,
				0AEE649C2BE9A6EF00FC7CAC /* Scenarios */,
				0AFE83172BE1EF75004B29F0 /* TestSupport */,
				0A680FF72BD7B20F004E58D0 /* ScanApp.entitlements */,
				0AE062062BCFD5C000E5D89B /* Foundation */,
				0A629BCD2BCE6E8A007DDE57 /* Share */,
				0A629BC82BCE603E007DDE57 /* Features */,
				0A629BCA2BCE6198007DDE57 /* Cores */,
				0A629B9E2BCE5D53007DDE57 /* ScanAppApp.swift */,
				0A629BA02BCE5D53007DDE57 /* ContentView.swift */,
				0A629BA22BCE5D54007DDE57 /* Assets.xcassets */,
				0A629BA42BCE5D54007DDE57 /* Preview Content */,
				0AC085AF2BEA26B9004EDE30 /* ViewControlViewController.swift */,
			);
			path = ScanApp;
			sourceTree = "<group>";
		};
		0A629BA42BCE5D54007DDE57 /* Preview Content */ = {
			isa = PBXGroup;
			children = (
				0A629BA52BCE5D54007DDE57 /* Preview Assets.xcassets */,
			);
			path = "Preview Content";
			sourceTree = "<group>";
		};
		0A629BAE2BCE5D55007DDE57 /* ScanAppTests */ = {
			isa = PBXGroup;
			children = (
				0A629BAF2BCE5D55007DDE57 /* ScanAppTests.swift */,
			);
			path = ScanAppTests;
			sourceTree = "<group>";
		};
		0A629BB82BCE5D55007DDE57 /* ScanAppUITests */ = {
			isa = PBXGroup;
			children = (
				0A629BB92BCE5D55007DDE57 /* ScanAppUITests.swift */,
				0A629BBB2BCE5D55007DDE57 /* ScanAppUITestsLaunchTests.swift */,
			);
			path = ScanAppUITests;
			sourceTree = "<group>";
		};
		0A629BC82BCE603E007DDE57 /* Features */ = {
			isa = PBXGroup;
			children = (
				0A2819F52C05B3C2000ABBF9 /* Message */,
				0AA5342E2BD17C2200D404B4 /* DashBoard */,
			);
			path = Features;
			sourceTree = "<group>";
		};
		0A629BCA2BCE6198007DDE57 /* Cores */ = {
			isa = PBXGroup;
			children = (
				0A629BD52BCE84A7007DDE57 /* CoreUI */,
				0A629BCC2BCE6274007DDE57 /* NetWork */,
			);
			path = Cores;
			sourceTree = "<group>";
		};
		0A629BCD2BCE6E8A007DDE57 /* Share */ = {
			isa = PBXGroup;
			children = (
			);
			path = Share;
			sourceTree = "<group>";
		};
		0A629BD22BCE7281007DDE57 /* Frameworks */ = {
			isa = PBXGroup;
			children = (
			);
			name = Frameworks;
			sourceTree = "<group>";
		};
		0AE062062BCFD5C000E5D89B /* Foundation */ = {
			isa = PBXGroup;
			children = (
				0AA5342D2BD1183E00D404B4 /* Logger */,
			);
			path = Foundation;
			sourceTree = "<group>";
		};
		0AEE649C2BE9A6EF00FC7CAC /* Scenarios */ = {
			isa = PBXGroup;
			children = (
				0AE5CCE92BF5B0CC00F2F262 /* DebugMenu */,
				0AEE649D2BE9A7A100FC7CAC /* QA */,
			);
			path = Scenarios;
			sourceTree = "<group>";
		};
		0AFE83172BE1EF75004B29F0 /* TestSupport */ = {
			isa = PBXGroup;
			children = (
				0AFE83182BE1F13E004B29F0 /* TestSupport */,
			);
			path = TestSupport;
			sourceTree = "<group>";
		};
/* End PBXGroup section */

/* Begin PBXNativeTarget section */
		0A629B9A2BCE5D53007DDE57 /* ScanApp */ = {
			isa = PBXNativeTarget;
			buildConfigurationList = 0A629BBF2BCE5D55007DDE57 /* Build configuration list for PBXNativeTarget "ScanApp" */;
			buildPhases = (
				0A629B972BCE5D53007DDE57 /* Sources */,
				0A629B982BCE5D53007DDE57 /* Frameworks */,
				0A629B992BCE5D53007DDE57 /* Resources */,
			);
			buildRules = (
			);
			dependencies = (
			);
			name = ScanApp;
			packageProductDependencies = (
				0ADE16C92BF5B71C00301FDE /* Message */,
				0ADE16CB2BF5B72100301FDE /* NetWork */,
				0A0EF99A2BF5B90700FFC425 /* Logger */,
			);
			productName = ScanApp;
			productReference = 0A629B9B2BCE5D53007DDE57 /* ScanApp.app */;
			productType = "com.apple.product-type.application";
		};
		0A629BAA2BCE5D55007DDE57 /* ScanAppTests */ = {
			isa = PBXNativeTarget;
			buildConfigurationList = 0A629BC22BCE5D55007DDE57 /* Build configuration list for PBXNativeTarget "ScanAppTests" */;
			buildPhases = (
				0A629BA72BCE5D55007DDE57 /* Sources */,
				0A629BA82BCE5D55007DDE57 /* Frameworks */,
				0A629BA92BCE5D55007DDE57 /* Resources */,
			);
			buildRules = (
			);
			dependencies = (
				0A629BAD2BCE5D55007DDE57 /* PBXTargetDependency */,
			);
			name = ScanAppTests;
			packageProductDependencies = (
			);
			productName = ScanAppTests;
			productReference = 0A629BAB2BCE5D55007DDE57 /* ScanAppTests.xctest */;
			productType = "com.apple.product-type.bundle.unit-test";
		};
		0A629BB42BCE5D55007DDE57 /* ScanAppUITests */ = {
			isa = PBXNativeTarget;
			buildConfigurationList = 0A629BC52BCE5D55007DDE57 /* Build configuration list for PBXNativeTarget "ScanAppUITests" */;
			buildPhases = (
				0A629BB12BCE5D55007DDE57 /* Sources */,
				0A629BB22BCE5D55007DDE57 /* Frameworks */,
				0A629BB32BCE5D55007DDE57 /* Resources */,
			);
			buildRules = (
			);
			dependencies = (
				0A629BB72BCE5D55007DDE57 /* PBXTargetDependency */,
			);
			name = ScanAppUITests;
			productName = ScanAppUITests;
			productReference = 0A629BB52BCE5D55007DDE57 /* ScanAppUITests.xctest */;
			productType = "com.apple.product-type.bundle.ui-testing";
		};
/* End PBXNativeTarget section */

/* Begin PBXProject section */
		0A629B932BCE5D53007DDE57 /* Project object */ = {
			isa = PBXProject;
			attributes = {
				BuildIndependentTargetsInParallel = 1;
				LastSwiftUpdateCheck = 1530;
				LastUpgradeCheck = 1530;
				TargetAttributes = {
					0A629B9A2BCE5D53007DDE57 = {
						CreatedOnToolsVersion = 15.3;
					};
					0A629BAA2BCE5D55007DDE57 = {
						CreatedOnToolsVersion = 15.3;
						TestTargetID = 0A629B9A2BCE5D53007DDE57;
					};
					0A629BB42BCE5D55007DDE57 = {
						CreatedOnToolsVersion = 15.3;
						TestTargetID = 0A629B9A2BCE5D53007DDE57;
					};
				};
			};
			buildConfigurationList = 0A629B962BCE5D53007DDE57 /* Build configuration list for PBXProject "ScanApp" */;
			compatibilityVersion = "Xcode 14.0";
			developmentRegion = en;
			hasScannedForEncodings = 0;
			knownRegions = (
				en,
				Base,
			);
			mainGroup = 0A629B922BCE5D53007DDE57;
			packageReferences = (
				0AA5D45D2BD788B000752380 /* XCRemoteSwiftPackageReference "Highlightr" */,
			);
			productRefGroup = 0A629B9C2BCE5D53007DDE57 /* Products */;
			projectDirPath = "";
			projectRoot = "";
			targets = (
				0A629B9A2BCE5D53007DDE57 /* ScanApp */,
				0A629BAA2BCE5D55007DDE57 /* ScanAppTests */,
				0A629BB42BCE5D55007DDE57 /* ScanAppUITests */,
			);
		};
/* End PBXProject section */

/* Begin PBXResourcesBuildPhase section */
		0A629B992BCE5D53007DDE57 /* Resources */ = {
			isa = PBXResourcesBuildPhase;
			buildActionMask = 2147483647;
			files = (
				0A629BA62BCE5D54007DDE57 /* Preview Assets.xcassets in Resources */,
				0A629BA32BCE5D54007DDE57 /* Assets.xcassets in Resources */,
			);
			runOnlyForDeploymentPostprocessing = 0;
		};
		0A629BA92BCE5D55007DDE57 /* Resources */ = {
			isa = PBXResourcesBuildPhase;
			buildActionMask = 2147483647;
			files = (
			);
			runOnlyForDeploymentPostprocessing = 0;
		};
		0A629BB32BCE5D55007DDE57 /* Resources */ = {
			isa = PBXResourcesBuildPhase;
			buildActionMask = 2147483647;
			files = (
			);
			runOnlyForDeploymentPostprocessing = 0;
		};
/* End PBXResourcesBuildPhase section */

/* Begin PBXSourcesBuildPhase section */
		0A629B972BCE5D53007DDE57 /* Sources */ = {
			isa = PBXSourcesBuildPhase;
			buildActionMask = 2147483647;
			files = (
				0AC085B02BEA26B9004EDE30 /* ViewControlViewController.swift in Sources */,
				0A629BA12BCE5D53007DDE57 /* ContentView.swift in Sources */,
				0A629B9F2BCE5D53007DDE57 /* ScanAppApp.swift in Sources */,
			);
			runOnlyForDeploymentPostprocessing = 0;
		};
		0A629BA72BCE5D55007DDE57 /* Sources */ = {
			isa = PBXSourcesBuildPhase;
			buildActionMask = 2147483647;
			files = (
				0A629BB02BCE5D55007DDE57 /* ScanAppTests.swift in Sources */,
			);
			runOnlyForDeploymentPostprocessing = 0;
		};
		0A629BB12BCE5D55007DDE57 /* Sources */ = {
			isa = PBXSourcesBuildPhase;
			buildActionMask = 2147483647;
			files = (
				0A629BBA2BCE5D55007DDE57 /* ScanAppUITests.swift in Sources */,
				0A629BBC2BCE5D55007DDE57 /* ScanAppUITestsLaunchTests.swift in Sources */,
			);
			runOnlyForDeploymentPostprocessing = 0;
		};
/* End PBXSourcesBuildPhase section */

/* Begin PBXTargetDependency section */
		0A629BAD2BCE5D55007DDE57 /* PBXTargetDependency */ = {
			isa = PBXTargetDependency;
			target = 0A629B9A2BCE5D53007DDE57 /* ScanApp */;
			targetProxy = 0A629BAC2BCE5D55007DDE57 /* PBXContainerItemProxy */;
		};
		0A629BB72BCE5D55007DDE57 /* PBXTargetDependency */ = {
			isa = PBXTargetDependency;
			target = 0A629B9A2BCE5D53007DDE57 /* ScanApp */;
			targetProxy = 0A629BB62BCE5D55007DDE57 /* PBXContainerItemProxy */;
		};
/* End PBXTargetDependency section */

/* Begin XCBuildConfiguration section */
		0A629BBD2BCE5D55007DDE57 /* Debug */ = {
			isa = XCBuildConfiguration;
			buildSettings = {
				ALWAYS_SEARCH_USER_PATHS = NO;
				ASSETCATALOG_COMPILER_GENERATE_SWIFT_ASSET_SYMBOL_EXTENSIONS = YES;
				CLANG_ANALYZER_NONNULL = YES;
				CLANG_ANALYZER_NUMBER_OBJECT_CONVERSION = YES_AGGRESSIVE;
				CLANG_CXX_LANGUAGE_STANDARD = "gnu++20";
				CLANG_ENABLE_MODULES = YES;
				CLANG_ENABLE_OBJC_ARC = YES;
				CLANG_ENABLE_OBJC_WEAK = YES;
				CLANG_WARN_BLOCK_CAPTURE_AUTORELEASING = YES;
				CLANG_WARN_BOOL_CONVERSION = YES;
				CLANG_WARN_COMMA = YES;
				CLANG_WARN_CONSTANT_CONVERSION = YES;
				CLANG_WARN_DEPRECATED_OBJC_IMPLEMENTATIONS = YES;
				CLANG_WARN_DIRECT_OBJC_ISA_USAGE = YES_ERROR;
				CLANG_WARN_DOCUMENTATION_COMMENTS = YES;
				CLANG_WARN_EMPTY_BODY = YES;
				CLANG_WARN_ENUM_CONVERSION = YES;
				CLANG_WARN_INFINITE_RECURSION = YES;
				CLANG_WARN_INT_CONVERSION = YES;
				CLANG_WARN_NON_LITERAL_NULL_CONVERSION = YES;
				CLANG_WARN_OBJC_IMPLICIT_RETAIN_SELF = YES;
				CLANG_WARN_OBJC_LITERAL_CONVERSION = YES;
				CLANG_WARN_OBJC_ROOT_CLASS = YES_ERROR;
				CLANG_WARN_QUOTED_INCLUDE_IN_FRAMEWORK_HEADER = YES;
				CLANG_WARN_RANGE_LOOP_ANALYSIS = YES;
				CLANG_WARN_STRICT_PROTOTYPES = YES;
				CLANG_WARN_SUSPICIOUS_MOVE = YES;
				CLANG_WARN_UNGUARDED_AVAILABILITY = YES_AGGRESSIVE;
				CLANG_WARN_UNREACHABLE_CODE = YES;
				CLANG_WARN__DUPLICATE_METHOD_MATCH = YES;
				COPY_PHASE_STRIP = NO;
				DEBUG_INFORMATION_FORMAT = dwarf;
				ENABLE_STRICT_OBJC_MSGSEND = YES;
				ENABLE_TESTABILITY = YES;
				ENABLE_USER_SCRIPT_SANDBOXING = YES;
				GCC_C_LANGUAGE_STANDARD = gnu17;
				GCC_DYNAMIC_NO_PIC = NO;
				GCC_NO_COMMON_BLOCKS = YES;
				GCC_OPTIMIZATION_LEVEL = 0;
				GCC_PREPROCESSOR_DEFINITIONS = (
					"DEBUG=1",
					"$(inherited)",
				);
				GCC_WARN_64_TO_32_BIT_CONVERSION = YES;
				GCC_WARN_ABOUT_RETURN_TYPE = YES_ERROR;
				GCC_WARN_UNDECLARED_SELECTOR = YES;
				GCC_WARN_UNINITIALIZED_AUTOS = YES_AGGRESSIVE;
				GCC_WARN_UNUSED_FUNCTION = YES;
				GCC_WARN_UNUSED_VARIABLE = YES;
				IPHONEOS_DEPLOYMENT_TARGET = 17.4;
				LOCALIZATION_PREFERS_STRING_CATALOGS = YES;
				MTL_ENABLE_DEBUG_INFO = INCLUDE_SOURCE;
				MTL_FAST_MATH = YES;
				ONLY_ACTIVE_ARCH = YES;
				SDKROOT = iphoneos;
				SWIFT_ACTIVE_COMPILATION_CONDITIONS = "DEBUG $(inherited)";
				SWIFT_OPTIMIZATION_LEVEL = "-Onone";
			};
			name = Debug;
		};
		0A629BBE2BCE5D55007DDE57 /* Release */ = {
			isa = XCBuildConfiguration;
			buildSettings = {
				ALWAYS_SEARCH_USER_PATHS = NO;
				ASSETCATALOG_COMPILER_GENERATE_SWIFT_ASSET_SYMBOL_EXTENSIONS = YES;
				CLANG_ANALYZER_NONNULL = YES;
				CLANG_ANALYZER_NUMBER_OBJECT_CONVERSION = YES_AGGRESSIVE;
				CLANG_CXX_LANGUAGE_STANDARD = "gnu++20";
				CLANG_ENABLE_MODULES = YES;
				CLANG_ENABLE_OBJC_ARC = YES;
				CLANG_ENABLE_OBJC_WEAK = YES;
				CLANG_WARN_BLOCK_CAPTURE_AUTORELEASING = YES;
				CLANG_WARN_BOOL_CONVERSION = YES;
				CLANG_WARN_COMMA = YES;
				CLANG_WARN_CONSTANT_CONVERSION = YES;
				CLANG_WARN_DEPRECATED_OBJC_IMPLEMENTATIONS = YES;
				CLANG_WARN_DIRECT_OBJC_ISA_USAGE = YES_ERROR;
				CLANG_WARN_DOCUMENTATION_COMMENTS = YES;
				CLANG_WARN_EMPTY_BODY = YES;
				CLANG_WARN_ENUM_CONVERSION = YES;
				CLANG_WARN_INFINITE_RECURSION = YES;
				CLANG_WARN_INT_CONVERSION = YES;
				CLANG_WARN_NON_LITERAL_NULL_CONVERSION = YES;
				CLANG_WARN_OBJC_IMPLICIT_RETAIN_SELF = YES;
				CLANG_WARN_OBJC_LITERAL_CONVERSION = YES;
				CLANG_WARN_OBJC_ROOT_CLASS = YES_ERROR;
				CLANG_WARN_QUOTED_INCLUDE_IN_FRAMEWORK_HEADER = YES;
				CLANG_WARN_RANGE_LOOP_ANALYSIS = YES;
				CLANG_WARN_STRICT_PROTOTYPES = YES;
				CLANG_WARN_SUSPICIOUS_MOVE = YES;
				CLANG_WARN_UNGUARDED_AVAILABILITY = YES_AGGRESSIVE;
				CLANG_WARN_UNREACHABLE_CODE = YES;
				CLANG_WARN__DUPLICATE_METHOD_MATCH = YES;
				COPY_PHASE_STRIP = NO;
				DEBUG_INFORMATION_FORMAT = "dwarf-with-dsym";
				ENABLE_NS_ASSERTIONS = NO;
				ENABLE_STRICT_OBJC_MSGSEND = YES;
				ENABLE_USER_SCRIPT_SANDBOXING = YES;
				GCC_C_LANGUAGE_STANDARD = gnu17;
				GCC_NO_COMMON_BLOCKS = YES;
				GCC_WARN_64_TO_32_BIT_CONVERSION = YES;
				GCC_WARN_ABOUT_RETURN_TYPE = YES_ERROR;
				GCC_WARN_UNDECLARED_SELECTOR = YES;
				GCC_WARN_UNINITIALIZED_AUTOS = YES_AGGRESSIVE;
				GCC_WARN_UNUSED_FUNCTION = YES;
				GCC_WARN_UNUSED_VARIABLE = YES;
				IPHONEOS_DEPLOYMENT_TARGET = 17.4;
				LOCALIZATION_PREFERS_STRING_CATALOGS = YES;
				MTL_ENABLE_DEBUG_INFO = NO;
				MTL_FAST_MATH = YES;
				SDKROOT = iphoneos;
				SWIFT_COMPILATION_MODE = wholemodule;
				VALIDATE_PRODUCT = YES;
			};
			name = Release;
		};
		0A629BC02BCE5D55007DDE57 /* Debug */ = {
			isa = XCBuildConfiguration;
			buildSettings = {
				ASSETCATALOG_COMPILER_APPICON_NAME = AppIcon;
				ASSETCATALOG_COMPILER_GLOBAL_ACCENT_COLOR_NAME = AccentColor;
				CODE_SIGN_ENTITLEMENTS = ScanApp/ScanApp.entitlements;
				CODE_SIGN_STYLE = Automatic;
				CURRENT_PROJECT_VERSION = 1;
				DEVELOPMENT_ASSET_PATHS = "\"ScanApp/Preview Content\"";
				DEVELOPMENT_TEAM = PBBT599Q77;
				ENABLE_PREVIEWS = YES;
				GENERATE_INFOPLIST_FILE = YES;
				INFOPLIST_FILE = ScanApp/Info.plist;
				INFOPLIST_KEY_NSLocalNetworkUsageDescription = "";
				INFOPLIST_KEY_UIApplicationSceneManifest_Generation = YES;
				INFOPLIST_KEY_UIApplicationSupportsIndirectInputEvents = YES;
				INFOPLIST_KEY_UILaunchScreen_Generation = YES;
				INFOPLIST_KEY_UISupportedInterfaceOrientations_iPad = "UIInterfaceOrientationPortrait UIInterfaceOrientationPortraitUpsideDown UIInterfaceOrientationLandscapeLeft UIInterfaceOrientationLandscapeRight";
				INFOPLIST_KEY_UISupportedInterfaceOrientations_iPhone = "UIInterfaceOrientationPortrait UIInterfaceOrientationLandscapeLeft UIInterfaceOrientationLandscapeRight";
				IPHONEOS_DEPLOYMENT_TARGET = 17.4;
				LD_RUNPATH_SEARCH_PATHS = (
					"$(inherited)",
					"@executable_path/Frameworks",
				);
				MARKETING_VERSION = 1.0;
				PRODUCT_BUNDLE_IDENTIFIER = kevin.ScanApp;
				PRODUCT_NAME = "$(TARGET_NAME)";
				SUPPORTED_PLATFORMS = "iphoneos iphonesimulator";
				SUPPORTS_MACCATALYST = NO;
				SUPPORTS_MAC_DESIGNED_FOR_IPHONE_IPAD = NO;
				SUPPORTS_XR_DESIGNED_FOR_IPHONE_IPAD = NO;
				SWIFT_EMIT_LOC_STRINGS = YES;
				SWIFT_VERSION = 5.0;
				TARGETED_DEVICE_FAMILY = 1;
			};
			name = Debug;
		};
		0A629BC12BCE5D55007DDE57 /* Release */ = {
			isa = XCBuildConfiguration;
			buildSettings = {
				ASSETCATALOG_COMPILER_APPICON_NAME = AppIcon;
				ASSETCATALOG_COMPILER_GLOBAL_ACCENT_COLOR_NAME = AccentColor;
				CODE_SIGN_ENTITLEMENTS = ScanApp/ScanApp.entitlements;
				CODE_SIGN_STYLE = Automatic;
				CURRENT_PROJECT_VERSION = 1;
				DEVELOPMENT_ASSET_PATHS = "\"ScanApp/Preview Content\"";
				DEVELOPMENT_TEAM = PBBT599Q77;
				ENABLE_PREVIEWS = YES;
				GENERATE_INFOPLIST_FILE = YES;
				INFOPLIST_FILE = ScanApp/Info.plist;
				INFOPLIST_KEY_NSLocalNetworkUsageDescription = "";
				INFOPLIST_KEY_UIApplicationSceneManifest_Generation = YES;
				INFOPLIST_KEY_UIApplicationSupportsIndirectInputEvents = YES;
				INFOPLIST_KEY_UILaunchScreen_Generation = YES;
				INFOPLIST_KEY_UISupportedInterfaceOrientations_iPad = "UIInterfaceOrientationPortrait UIInterfaceOrientationPortraitUpsideDown UIInterfaceOrientationLandscapeLeft UIInterfaceOrientationLandscapeRight";
				INFOPLIST_KEY_UISupportedInterfaceOrientations_iPhone = "UIInterfaceOrientationPortrait UIInterfaceOrientationLandscapeLeft UIInterfaceOrientationLandscapeRight";
				IPHONEOS_DEPLOYMENT_TARGET = 17.4;
				LD_RUNPATH_SEARCH_PATHS = (
					"$(inherited)",
					"@executable_path/Frameworks",
				);
				MARKETING_VERSION = 1.0;
				PRODUCT_BUNDLE_IDENTIFIER = kevin.ScanApp;
				PRODUCT_NAME = "$(TARGET_NAME)";
				SUPPORTED_PLATFORMS = "iphoneos iphonesimulator";
				SUPPORTS_MACCATALYST = NO;
				SUPPORTS_MAC_DESIGNED_FOR_IPHONE_IPAD = NO;
				SUPPORTS_XR_DESIGNED_FOR_IPHONE_IPAD = NO;
				SWIFT_EMIT_LOC_STRINGS = YES;
				SWIFT_VERSION = 5.0;
				TARGETED_DEVICE_FAMILY = 1;
			};
			name = Release;
		};
		0A629BC32BCE5D55007DDE57 /* Debug */ = {
			isa = XCBuildConfiguration;
			buildSettings = {
				ALWAYS_EMBED_SWIFT_STANDARD_LIBRARIES = YES;
				BUNDLE_LOADER = "$(TEST_HOST)";
				CODE_SIGN_IDENTITY = "Apple Development";
				CODE_SIGN_STYLE = Automatic;
				CURRENT_PROJECT_VERSION = 1;
				DEVELOPMENT_TEAM = PBBT599Q77;
				GENERATE_INFOPLIST_FILE = YES;
				IPHONEOS_DEPLOYMENT_TARGET = 17.4;
				MARKETING_VERSION = 1.0;
				PRODUCT_BUNDLE_IDENTIFIER = kevin.ScanAppTests;
				PRODUCT_NAME = "$(TARGET_NAME)";
				PROVISIONING_PROFILE_SPECIFIER = "";
				SUPPORTED_PLATFORMS = "iphoneos iphonesimulator";
				SUPPORTS_MACCATALYST = NO;
				SUPPORTS_MAC_DESIGNED_FOR_IPHONE_IPAD = NO;
				SUPPORTS_XR_DESIGNED_FOR_IPHONE_IPAD = NO;
				SWIFT_EMIT_LOC_STRINGS = NO;
				SWIFT_VERSION = 5.0;
				TARGETED_DEVICE_FAMILY = 1;
				TEST_HOST = "$(BUILT_PRODUCTS_DIR)/ScanApp.app/$(BUNDLE_EXECUTABLE_FOLDER_PATH)/ScanApp";
			};
			name = Debug;
		};
		0A629BC42BCE5D55007DDE57 /* Release */ = {
			isa = XCBuildConfiguration;
			buildSettings = {
				ALWAYS_EMBED_SWIFT_STANDARD_LIBRARIES = YES;
				BUNDLE_LOADER = "$(TEST_HOST)";
				CODE_SIGN_IDENTITY = "Apple Development";
				CODE_SIGN_STYLE = Automatic;
				CURRENT_PROJECT_VERSION = 1;
				DEVELOPMENT_TEAM = PBBT599Q77;
				GENERATE_INFOPLIST_FILE = YES;
				IPHONEOS_DEPLOYMENT_TARGET = 17.4;
				MARKETING_VERSION = 1.0;
				PRODUCT_BUNDLE_IDENTIFIER = kevin.ScanAppTests;
				PRODUCT_NAME = "$(TARGET_NAME)";
				PROVISIONING_PROFILE_SPECIFIER = "";
				SUPPORTED_PLATFORMS = "iphoneos iphonesimulator";
				SUPPORTS_MACCATALYST = NO;
				SUPPORTS_MAC_DESIGNED_FOR_IPHONE_IPAD = NO;
				SUPPORTS_XR_DESIGNED_FOR_IPHONE_IPAD = NO;
				SWIFT_EMIT_LOC_STRINGS = NO;
				SWIFT_VERSION = 5.0;
				TARGETED_DEVICE_FAMILY = 1;
				TEST_HOST = "$(BUILT_PRODUCTS_DIR)/ScanApp.app/$(BUNDLE_EXECUTABLE_FOLDER_PATH)/ScanApp";
			};
			name = Release;
		};
		0A629BC62BCE5D55007DDE57 /* Debug */ = {
			isa = XCBuildConfiguration;
			buildSettings = {
				ALWAYS_EMBED_SWIFT_STANDARD_LIBRARIES = YES;
				CODE_SIGN_STYLE = Automatic;
				CURRENT_PROJECT_VERSION = 1;
				DEVELOPMENT_TEAM = PBBT599Q77;
				GENERATE_INFOPLIST_FILE = YES;
				MARKETING_VERSION = 1.0;
				PRODUCT_BUNDLE_IDENTIFIER = kevin.ScanAppUITests;
				PRODUCT_NAME = "$(TARGET_NAME)";
				SUPPORTED_PLATFORMS = "iphoneos iphonesimulator";
				SUPPORTS_MACCATALYST = NO;
				SUPPORTS_MAC_DESIGNED_FOR_IPHONE_IPAD = NO;
				SUPPORTS_XR_DESIGNED_FOR_IPHONE_IPAD = NO;
				SWIFT_EMIT_LOC_STRINGS = NO;
				SWIFT_VERSION = 5.0;
				TARGETED_DEVICE_FAMILY = 1;
				TEST_TARGET_NAME = ScanApp;
			};
			name = Debug;
		};
		0A629BC72BCE5D55007DDE57 /* Release */ = {
			isa = XCBuildConfiguration;
			buildSettings = {
				ALWAYS_EMBED_SWIFT_STANDARD_LIBRARIES = YES;
				CODE_SIGN_STYLE = Automatic;
				CURRENT_PROJECT_VERSION = 1;
				DEVELOPMENT_TEAM = PBBT599Q77;
				GENERATE_INFOPLIST_FILE = YES;
				MARKETING_VERSION = 1.0;
				PRODUCT_BUNDLE_IDENTIFIER = kevin.ScanAppUITests;
				PRODUCT_NAME = "$(TARGET_NAME)";
				SUPPORTED_PLATFORMS = "iphoneos iphonesimulator";
				SUPPORTS_MACCATALYST = NO;
				SUPPORTS_MAC_DESIGNED_FOR_IPHONE_IPAD = NO;
				SUPPORTS_XR_DESIGNED_FOR_IPHONE_IPAD = NO;
				SWIFT_EMIT_LOC_STRINGS = NO;
				SWIFT_VERSION = 5.0;
				TARGETED_DEVICE_FAMILY = 1;
				TEST_TARGET_NAME = ScanApp;
			};
			name = Release;
		};
/* End XCBuildConfiguration section */

/* Begin XCConfigurationList section */
		0A629B962BCE5D53007DDE57 /* Build configuration list for PBXProject "ScanApp" */ = {
			isa = XCConfigurationList;
			buildConfigurations = (
				0A629BBD2BCE5D55007DDE57 /* Debug */,
				0A629BBE2BCE5D55007DDE57 /* Release */,
			);
			defaultConfigurationIsVisible = 0;
			defaultConfigurationName = Release;
		};
		0A629BBF2BCE5D55007DDE57 /* Build configuration list for PBXNativeTarget "ScanApp" */ = {
			isa = XCConfigurationList;
			buildConfigurations = (
				0A629BC02BCE5D55007DDE57 /* Debug */,
				0A629BC12BCE5D55007DDE57 /* Release */,
			);
			defaultConfigurationIsVisible = 0;
			defaultConfigurationName = Release;
		};
		0A629BC22BCE5D55007DDE57 /* Build configuration list for PBXNativeTarget "ScanAppTests" */ = {
			isa = XCConfigurationList;
			buildConfigurations = (
				0A629BC32BCE5D55007DDE57 /* Debug */,
				0A629BC42BCE5D55007DDE57 /* Release */,
			);
			defaultConfigurationIsVisible = 0;
			defaultConfigurationName = Release;
		};
		0A629BC52BCE5D55007DDE57 /* Build configuration list for PBXNativeTarget "ScanAppUITests" */ = {
			isa = XCConfigurationList;
			buildConfigurations = (
				0A629BC62BCE5D55007DDE57 /* Debug */,
				0A629BC72BCE5D55007DDE57 /* Release */,
			);
			defaultConfigurationIsVisible = 0;
			defaultConfigurationName = Release;
		};
/* End XCConfigurationList section */

/* Begin XCRemoteSwiftPackageReference section */
		0AA5D45D2BD788B000752380 /* XCRemoteSwiftPackageReference "Highlightr" */ = {
			isa = XCRemoteSwiftPackageReference;
			repositoryURL = "https://github.com/raspu/Highlightr";
			requirement = {
				kind = upToNextMajorVersion;
				minimumVersion = 2.1.2;
			};
		};
/* End XCRemoteSwiftPackageReference section */

/* Begin XCSwiftPackageProductDependency section */
		0A0EF99A2BF5B90700FFC425 /* Logger */ = {
			isa = XCSwiftPackageProductDependency;
			productName = Logger;
		};
		0ADE16C92BF5B71C00301FDE /* Message */ = {
			isa = XCSwiftPackageProductDependency;
			productName = Message;
		};
		0ADE16CB2BF5B72100301FDE /* NetWork */ = {
			isa = XCSwiftPackageProductDependency;
			productName = NetWork;
		};
/* End XCSwiftPackageProductDependency section */
	};
	rootObject = 0A629B932BCE5D53007DDE57 /* Project object */;
}
